// !$*UTF8*$!
{
	archiveVersion = 1;
	classes = {
	};
	objectVersion = 50;
	objects = {

/* Begin PBXBuildFile section */
		55CFA254250D3D0E00CD0DAF /* AppDelegate.swift in Sources */ = {isa = PBXBuildFile; fileRef = 55CFA253250D3D0E00CD0DAF /* AppDelegate.swift */; };
		55CFA256250D3D0E00CD0DAF /* SceneDelegate.swift in Sources */ = {isa = PBXBuildFile; fileRef = 55CFA255250D3D0E00CD0DAF /* SceneDelegate.swift */; };
		55CFA258250D3D0E00CD0DAF /* ViewController.swift in Sources */ = {isa = PBXBuildFile; fileRef = 55CFA257250D3D0E00CD0DAF /* ViewController.swift */; };
		55CFA25B250D3D0E00CD0DAF /* Main.storyboard in Resources */ = {isa = PBXBuildFile; fileRef = 55CFA259250D3D0E00CD0DAF /* Main.storyboard */; };
		55CFA25D250D3D1000CD0DAF /* Assets.xcassets in Resources */ = {isa = PBXBuildFile; fileRef = 55CFA25C250D3D1000CD0DAF /* Assets.xcassets */; };
		55CFA260250D3D1000CD0DAF /* LaunchScreen.storyboard in Resources */ = {isa = PBXBuildFile; fileRef = 55CFA25E250D3D1000CD0DAF /* LaunchScreen.storyboard */; };
		55CFA26B250D3D1100CD0DAF /* calculatorWork4Tests.swift in Sources */ = {isa = PBXBuildFile; fileRef = 55CFA26A250D3D1100CD0DAF /* calculatorWork4Tests.swift */; };
		55CFA276250D3D1100CD0DAF /* calculatorWork4UITests.swift in Sources */ = {isa = PBXBuildFile; fileRef = 55CFA275250D3D1100CD0DAF /* calculatorWork4UITests.swift */; };
/* End PBXBuildFile section */

/* Begin PBXContainerItemProxy section */
		55CFA267250D3D1100CD0DAF /* PBXContainerItemProxy */ = {
			isa = PBXContainerItemProxy;
			containerPortal = 55CFA248250D3D0E00CD0DAF /* Project object */;
			proxyType = 1;
			remoteGlobalIDString = 55CFA24F250D3D0E00CD0DAF;
			remoteInfo = calculatorWork4;
		};
		55CFA272250D3D1100CD0DAF /* PBXContainerItemProxy */ = {
			isa = PBXContainerItemProxy;
			containerPortal = 55CFA248250D3D0E00CD0DAF /* Project object */;
			proxyType = 1;
			remoteGlobalIDString = 55CFA24F250D3D0E00CD0DAF;
			remoteInfo = calculatorWork4;
		};
/* End PBXContainerItemProxy section */

/* Begin PBXFileReference section */
		55CFA250250D3D0E00CD0DAF /* calculatorWork4.app */ = {isa = PBXFileReference; explicitFileType = wrapper.application; includeInIndex = 0; path = calculatorWork4.app; sourceTree = BUILT_PRODUCTS_DIR; };
		55CFA253250D3D0E00CD0DAF /* AppDelegate.swift */ = {isa = PBXFileReference; lastKnownFileType = sourcecode.swift; path = AppDelegate.swift; sourceTree = "<group>"; };
		55CFA255250D3D0E00CD0DAF /* SceneDelegate.swift */ = {isa = PBXFileReference; lastKnownFileType = sourcecode.swift; path = SceneDelegate.swift; sourceTree = "<group>"; };
		55CFA257250D3D0E00CD0DAF /* ViewController.swift */ = {isa = PBXFileReference; lastKnownFileType = sourcecode.swift; path = ViewController.swift; sourceTree = "<group>"; };
		55CFA25A250D3D0E00CD0DAF /* Base */ = {isa = PBXFileReference; lastKnownFileType = file.storyboard; name = Base; path = Base.lproj/Main.storyboard; sourceTree = "<group>"; };
		55CFA25C250D3D1000CD0DAF /* Assets.xcassets */ = {isa = PBXFileReference; lastKnownFileType = folder.assetcatalog; path = Assets.xcassets; sourceTree = "<group>"; };
		55CFA25F250D3D1000CD0DAF /* Base */ = {isa = PBXFileReference; lastKnownFileType = file.storyboard; name = Base; path = Base.lproj/LaunchScreen.storyboard; sourceTree = "<group>"; };
		55CFA261250D3D1000CD0DAF /* Info.plist */ = {isa = PBXFileReference; lastKnownFileType = text.plist.xml; path = Info.plist; sourceTree = "<group>"; };
		55CFA266250D3D1100CD0DAF /* calculatorWork4Tests.xctest */ = {isa = PBXFileReference; explicitFileType = wrapper.cfbundle; includeInIndex = 0; path = calculatorWork4Tests.xctest; sourceTree = BUILT_PRODUCTS_DIR; };
		55CFA26A250D3D1100CD0DAF /* calculatorWork4Tests.swift */ = {isa = PBXFileReference; lastKnownFileType = sourcecode.swift; path = calculatorWork4Tests.swift; sourceTree = "<group>"; };
		55CFA26C250D3D1100CD0DAF /* Info.plist */ = {isa = PBXFileReference; lastKnownFileType = text.plist.xml; path = Info.plist; sourceTree = "<group>"; };
		55CFA271250D3D1100CD0DAF /* calculatorWork4UITests.xctest */ = {isa = PBXFileReference; explicitFileType = wrapper.cfbundle; includeInIndex = 0; path = calculatorWork4UITests.xctest; sourceTree = BUILT_PRODUCTS_DIR; };
		55CFA275250D3D1100CD0DAF /* calculatorWork4UITests.swift */ = {isa = PBXFileReference; lastKnownFileType = sourcecode.swift; path = calculatorWork4UITests.swift; sourceTree = "<group>"; };
		55CFA277250D3D1100CD0DAF /* Info.plist */ = {isa = PBXFileReference; lastKnownFileType = text.plist.xml; path = Info.plist; sourceTree = "<group>"; };
/* End PBXFileReference section */

/* Begin PBXFrameworksBuildPhase section */
		55CFA24D250D3D0E00CD0DAF /* Frameworks */ = {
			isa = PBXFrameworksBuildPhase;
			buildActionMask = 2147483647;
			files = (
			);
			runOnlyForDeploymentPostprocessing = 0;
		};
		55CFA263250D3D1100CD0DAF /* Frameworks */ = {
			isa = PBXFrameworksBuildPhase;
			buildActionMask = 2147483647;
			files = (
			);
			runOnlyForDeploymentPostprocessing = 0;
		};
		55CFA26E250D3D1100CD0DAF /* Frameworks */ = {
			isa = PBXFrameworksBuildPhase;
			buildActionMask = 2147483647;
			files = (
			);
			runOnlyForDeploymentPostprocessing = 0;
		};
/* End PBXFrameworksBuildPhase section */

/* Begin PBXGroup section */
		55CFA247250D3D0E00CD0DAF = {
			isa = PBXGroup;
			children = (
				55CFA252250D3D0E00CD0DAF /* calculatorWork4 */,
				55CFA269250D3D1100CD0DAF /* calculatorWork4Tests */,
				55CFA274250D3D1100CD0DAF /* calculatorWork4UITests */,
				55CFA251250D3D0E00CD0DAF /* Products */,
			);
			sourceTree = "<group>";
		};
		55CFA251250D3D0E00CD0DAF /* Products */ = {
			isa = PBXGroup;
			children = (
				55CFA250250D3D0E00CD0DAF /* calculatorWork4.app */,
				55CFA266250D3D1100CD0DAF /* calculatorWork4Tests.xctest */,
				55CFA271250D3D1100CD0DAF /* calculatorWork4UITests.xctest */,
			);
			name = Products;
			sourceTree = "<group>";
		};
		55CFA252250D3D0E00CD0DAF /* calculatorWork4 */ = {
			isa = PBXGroup;
			children = (
				55CFA253250D3D0E00CD0DAF /* AppDelegate.swift */,
				55CFA255250D3D0E00CD0DAF /* SceneDelegate.swift */,
				55CFA257250D3D0E00CD0DAF /* ViewController.swift */,
				55CFA259250D3D0E00CD0DAF /* Main.storyboard */,
				55CFA25C250D3D1000CD0DAF /* Assets.xcassets */,
				55CFA25E250D3D1000CD0DAF /* LaunchScreen.storyboard */,
				55CFA261250D3D1000CD0DAF /* Info.plist */,
			);
			path = calculatorWork4;
			sourceTree = "<group>";
		};
		55CFA269250D3D1100CD0DAF /* calculatorWork4Tests */ = {
			isa = PBXGroup;
			children = (
				55CFA26A250D3D1100CD0DAF /* calculatorWork4Tests.swift */,
				55CFA26C250D3D1100CD0DAF /* Info.plist */,
			);
			path = calculatorWork4Tests;
			sourceTree = "<group>";
		};
		55CFA274250D3D1100CD0DAF /* calculatorWork4UITests */ = {
			isa = PBXGroup;
			children = (
				55CFA275250D3D1100CD0DAF /* calculatorWork4UITests.swift */,
				55CFA277250D3D1100CD0DAF /* Info.plist */,
			);
			path = calculatorWork4UITests;
			sourceTree = "<group>";
		};
/* End PBXGroup section */

/* Begin PBXNativeTarget section */
		55CFA24F250D3D0E00CD0DAF /* calculatorWork4 */ = {
			isa = PBXNativeTarget;
			buildConfigurationList = 55CFA27A250D3D1100CD0DAF /* Build configuration list for PBXNativeTarget "calculatorWork4" */;
			buildPhases = (
				55CFA24C250D3D0E00CD0DAF /* Sources */,
				55CFA24D250D3D0E00CD0DAF /* Frameworks */,
				55CFA24E250D3D0E00CD0DAF /* Resources */,
			);
			buildRules = (
			);
			dependencies = (
			);
			name = calculatorWork4;
			productName = calculatorWork4;
			productReference = 55CFA250250D3D0E00CD0DAF /* calculatorWork4.app */;
			productType = "com.apple.product-type.application";
		};
		55CFA265250D3D1100CD0DAF /* calculatorWork4Tests */ = {
			isa = PBXNativeTarget;
			buildConfigurationList = 55CFA27D250D3D1100CD0DAF /* Build configuration list for PBXNativeTarget "calculatorWork4Tests" */;
			buildPhases = (
				55CFA262250D3D1100CD0DAF /* Sources */,
				55CFA263250D3D1100CD0DAF /* Frameworks */,
				55CFA264250D3D1100CD0DAF /* Resources */,
			);
			buildRules = (
			);
			dependencies = (
				55CFA268250D3D1100CD0DAF /* PBXTargetDependency */,
			);
			name = calculatorWork4Tests;
			productName = calculatorWork4Tests;
			productReference = 55CFA266250D3D1100CD0DAF /* calculatorWork4Tests.xctest */;
			productType = "com.apple.product-type.bundle.unit-test";
		};
		55CFA270250D3D1100CD0DAF /* calculatorWork4UITests */ = {
			isa = PBXNativeTarget;
			buildConfigurationList = 55CFA280250D3D1100CD0DAF /* Build configuration list for PBXNativeTarget "calculatorWork4UITests" */;
			buildPhases = (
				55CFA26D250D3D1100CD0DAF /* Sources */,
				55CFA26E250D3D1100CD0DAF /* Frameworks */,
				55CFA26F250D3D1100CD0DAF /* Resources */,
			);
			buildRules = (
			);
			dependencies = (
				55CFA273250D3D1100CD0DAF /* PBXTargetDependency */,
			);
			name = calculatorWork4UITests;
			productName = calculatorWork4UITests;
			productReference = 55CFA271250D3D1100CD0DAF /* calculatorWork4UITests.xctest */;
			productType = "com.apple.product-type.bundle.ui-testing";
		};
/* End PBXNativeTarget section */

/* Begin PBXProject section */
		55CFA248250D3D0E00CD0DAF /* Project object */ = {
			isa = PBXProject;
			attributes = {
				LastSwiftUpdateCheck = 1170;
				LastUpgradeCheck = 1170;
				ORGANIZATIONNAME = ice;
				TargetAttributes = {
					55CFA24F250D3D0E00CD0DAF = {
						CreatedOnToolsVersion = 11.7;
					};
					55CFA265250D3D1100CD0DAF = {
						CreatedOnToolsVersion = 11.7;
						TestTargetID = 55CFA24F250D3D0E00CD0DAF;
					};
					55CFA270250D3D1100CD0DAF = {
						CreatedOnToolsVersion = 11.7;
						TestTargetID = 55CFA24F250D3D0E00CD0DAF;
					};
				};
			};
			buildConfigurationList = 55CFA24B250D3D0E00CD0DAF /* Build configuration list for PBXProject "calculatorWork4" */;
			compatibilityVersion = "Xcode 9.3";
			developmentRegion = en;
			hasScannedForEncodings = 0;
			knownRegions = (
				en,
				Base,
			);
			mainGroup = 55CFA247250D3D0E00CD0DAF;
			productRefGroup = 55CFA251250D3D0E00CD0DAF /* Products */;
			projectDirPath = "";
			projectRoot = "";
			targets = (
				55CFA24F250D3D0E00CD0DAF /* calculatorWork4 */,
				55CFA265250D3D1100CD0DAF /* calculatorWork4Tests */,
				55CFA270250D3D1100CD0DAF /* calculatorWork4UITests */,
			);
		};
/* End PBXProject section */

/* Begin PBXResourcesBuildPhase section */
		55CFA24E250D3D0E00CD0DAF /* Resources */ = {
			isa = PBXResourcesBuildPhase;
			buildActionMask = 2147483647;
			files = (
				55CFA260250D3D1000CD0DAF /* LaunchScreen.storyboard in Resources */,
				55CFA25D250D3D1000CD0DAF /* Assets.xcassets in Resources */,
				55CFA25B250D3D0E00CD0DAF /* Main.storyboard in Resources */,
			);
			runOnlyForDeploymentPostprocessing = 0;
		};
		55CFA264250D3D1100CD0DAF /* Resources */ = {
			isa = PBXResourcesBuildPhase;
			buildActionMask = 2147483647;
			files = (
			);
			runOnlyForDeploymentPostprocessing = 0;
		};
		55CFA26F250D3D1100CD0DAF /* Resources */ = {
			isa = PBXResourcesBuildPhase;
			buildActionMask = 2147483647;
			files = (
			);
			runOnlyForDeploymentPostprocessing = 0;
		};
/* End PBXResourcesBuildPhase section */

/* Begin PBXSourcesBuildPhase section */
		55CFA24C250D3D0E00CD0DAF /* Sources */ = {
			isa = PBXSourcesBuildPhase;
			buildActionMask = 2147483647;
			files = (
				55CFA258250D3D0E00CD0DAF /* ViewController.swift in Sources */,
				55CFA254250D3D0E00CD0DAF /* AppDelegate.swift in Sources */,
				55CFA256250D3D0E00CD0DAF /* SceneDelegate.swift in Sources */,
			);
			runOnlyForDeploymentPostprocessing = 0;
		};
		55CFA262250D3D1100CD0DAF /* Sources */ = {
			isa = PBXSourcesBuildPhase;
			buildActionMask = 2147483647;
			files = (
				55CFA26B250D3D1100CD0DAF /* calculatorWork4Tests.swift in Sources */,
			);
			runOnlyForDeploymentPostprocessing = 0;
		};
		55CFA26D250D3D1100CD0DAF /* Sources */ = {
			isa = PBXSourcesBuildPhase;
			buildActionMask = 2147483647;
			files = (
				55CFA276250D3D1100CD0DAF /* calculatorWork4UITests.swift in Sources */,
			);
			runOnlyForDeploymentPostprocessing = 0;
		};
/* End PBXSourcesBuildPhase section */

/* Begin PBXTargetDependency section */
		55CFA268250D3D1100CD0DAF /* PBXTargetDependency */ = {
			isa = PBXTargetDependency;
			target = 55CFA24F250D3D0E00CD0DAF /* calculatorWork4 */;
			targetProxy = 55CFA267250D3D1100CD0DAF /* PBXContainerItemProxy */;
		};
		55CFA273250D3D1100CD0DAF /* PBXTargetDependency */ = {
			isa = PBXTargetDependency;
			target = 55CFA24F250D3D0E00CD0DAF /* calculatorWork4 */;
			targetProxy = 55CFA272250D3D1100CD0DAF /* PBXContainerItemProxy */;
		};
/* End PBXTargetDependency section */

/* Begin PBXVariantGroup section */
		55CFA259250D3D0E00CD0DAF /* Main.storyboard */ = {
			isa = PBXVariantGroup;
			children = (
				55CFA25A250D3D0E00CD0DAF /* Base */,
			);
			name = Main.storyboard;
			sourceTree = "<group>";
		};
		55CFA25E250D3D1000CD0DAF /* LaunchScreen.storyboard */ = {
			isa = PBXVariantGroup;
			children = (
				55CFA25F250D3D1000CD0DAF /* Base */,
			);
			name = LaunchScreen.storyboard;
			sourceTree = "<group>";
		};
/* End PBXVariantGroup section */

/* Begin XCBuildConfiguration section */
		55CFA278250D3D1100CD0DAF /* Debug */ = {
			isa = XCBuildConfiguration;
			buildSettings = {
				ALWAYS_SEARCH_USER_PATHS = NO;
				CLANG_ANALYZER_NONNULL = YES;
				CLANG_ANALYZER_NUMBER_OBJECT_CONVERSION = YES_AGGRESSIVE;
				CLANG_CXX_LANGUAGE_STANDARD = "gnu++14";
				CLANG_CXX_LIBRARY = "libc++";
				CLANG_ENABLE_MODULES = YES;
				CLANG_ENABLE_OBJC_ARC = YES;
				CLANG_ENABLE_OBJC_WEAK = YES;
				CLANG_WARN_BLOCK_CAPTURE_AUTORELEASING = YES;
				CLANG_WARN_BOOL_CONVERSION = YES;
				CLANG_WARN_COMMA = YES;
				CLANG_WARN_CONSTANT_CONVERSION = YES;
				CLANG_WARN_DEPRECATED_OBJC_IMPLEMENTATIONS = YES;
				CLANG_WARN_DIRECT_OBJC_ISA_USAGE = YES_ERROR;
				CLANG_WARN_DOCUMENTATION_COMMENTS = YES;
				CLANG_WARN_EMPTY_BODY = YES;
				CLANG_WARN_ENUM_CONVERSION = YES;
				CLANG_WARN_INFINITE_RECURSION = YES;
				CLANG_WARN_INT_CONVERSION = YES;
				CLANG_WARN_NON_LITERAL_NULL_CONVERSION = YES;
				CLANG_WARN_OBJC_IMPLICIT_RETAIN_SELF = YES;
				CLANG_WARN_OBJC_LITERAL_CONVERSION = YES;
				CLANG_WARN_OBJC_ROOT_CLASS = YES_ERROR;
				CLANG_WARN_RANGE_LOOP_ANALYSIS = YES;
				CLANG_WARN_STRICT_PROTOTYPES = YES;
				CLANG_WARN_SUSPICIOUS_MOVE = YES;
				CLANG_WARN_UNGUARDED_AVAILABILITY = YES_AGGRESSIVE;
				CLANG_WARN_UNREACHABLE_CODE = YES;
				CLANG_WARN__DUPLICATE_METHOD_MATCH = YES;
				COPY_PHASE_STRIP = NO;
				DEBUG_INFORMATION_FORMAT = dwarf;
				ENABLE_STRICT_OBJC_MSGSEND = YES;
				ENABLE_TESTABILITY = YES;
				GCC_C_LANGUAGE_STANDARD = gnu11;
				GCC_DYNAMIC_NO_PIC = NO;
				GCC_NO_COMMON_BLOCKS = YES;
				GCC_OPTIMIZATION_LEVEL = 0;
				GCC_PREPROCESSOR_DEFINITIONS = (
					"DEBUG=1",
					"$(inherited)",
				);
				GCC_WARN_64_TO_32_BIT_CONVERSION = YES;
				GCC_WARN_ABOUT_RETURN_TYPE = YES_ERROR;
				GCC_WARN_UNDECLARED_SELECTOR = YES;
				GCC_WARN_UNINITIALIZED_AUTOS = YES_AGGRESSIVE;
				GCC_WARN_UNUSED_FUNCTION = YES;
				GCC_WARN_UNUSED_VARIABLE = YES;
				IPHONEOS_DEPLOYMENT_TARGET = 13.7;
				MTL_ENABLE_DEBUG_INFO = INCLUDE_SOURCE;
				MTL_FAST_MATH = YES;
				ONLY_ACTIVE_ARCH = YES;
				SDKROOT = iphoneos;
				SWIFT_ACTIVE_COMPILATION_CONDITIONS = DEBUG;
				SWIFT_OPTIMIZATION_LEVEL = "-Onone";
			};
			name = Debug;
		};
		55CFA279250D3D1100CD0DAF /* Release */ = {
			isa = XCBuildConfiguration;
			buildSettings = {
				ALWAYS_SEARCH_USER_PATHS = NO;
				CLANG_ANALYZER_NONNULL = YES;
				CLANG_ANALYZER_NUMBER_OBJECT_CONVERSION = YES_AGGRESSIVE;
				CLANG_CXX_LANGUAGE_STANDARD = "gnu++14";
				CLANG_CXX_LIBRARY = "libc++";
				CLANG_ENABLE_MODULES = YES;
				CLANG_ENABLE_OBJC_ARC = YES;
				CLANG_ENABLE_OBJC_WEAK = YES;
				CLANG_WARN_BLOCK_CAPTURE_AUTORELEASING = YES;
				CLANG_WARN_BOOL_CONVERSION = YES;
				CLANG_WARN_COMMA = YES;
				CLANG_WARN_CONSTANT_CONVERSION = YES;
				CLANG_WARN_DEPRECATED_OBJC_IMPLEMENTATIONS = YES;
				CLANG_WARN_DIRECT_OBJC_ISA_USAGE = YES_ERROR;
				CLANG_WARN_DOCUMENTATION_COMMENTS = YES;
				CLANG_WARN_EMPTY_BODY = YES;
				CLANG_WARN_ENUM_CONVERSION = YES;
				CLANG_WARN_INFINITE_RECURSION = YES;
				CLANG_WARN_INT_CONVERSION = YES;
				CLANG_WARN_NON_LITERAL_NULL_CONVERSION = YES;
				CLANG_WARN_OBJC_IMPLICIT_RETAIN_SELF = YES;
				CLANG_WARN_OBJC_LITERAL_CONVERSION = YES;
				CLANG_WARN_OBJC_ROOT_CLASS = YES_ERROR;
				CLANG_WARN_RANGE_LOOP_ANALYSIS = YES;
				CLANG_WARN_STRICT_PROTOTYPES = YES;
				CLANG_WARN_SUSPICIOUS_MOVE = YES;
				CLANG_WARN_UNGUARDED_AVAILABILITY = YES_AGGRESSIVE;
				CLANG_WARN_UNREACHABLE_CODE = YES;
				CLANG_WARN__DUPLICATE_METHOD_MATCH = YES;
				COPY_PHASE_STRIP = NO;
				DEBUG_INFORMATION_FORMAT = "dwarf-with-dsym";
				ENABLE_NS_ASSERTIONS = NO;
				ENABLE_STRICT_OBJC_MSGSEND = YES;
				GCC_C_LANGUAGE_STANDARD = gnu11;
				GCC_NO_COMMON_BLOCKS = YES;
				GCC_WARN_64_TO_32_BIT_CONVERSION = YES;
				GCC_WARN_ABOUT_RETURN_TYPE = YES_ERROR;
				GCC_WARN_UNDECLARED_SELECTOR = YES;
				GCC_WARN_UNINITIALIZED_AUTOS = YES_AGGRESSIVE;
				GCC_WARN_UNUSED_FUNCTION = YES;
				GCC_WARN_UNUSED_VARIABLE = YES;
				IPHONEOS_DEPLOYMENT_TARGET = 13.7;
				MTL_ENABLE_DEBUG_INFO = NO;
				MTL_FAST_MATH = YES;
				SDKROOT = iphoneos;
				SWIFT_COMPILATION_MODE = wholemodule;
				SWIFT_OPTIMIZATION_LEVEL = "-O";
				VALIDATE_PRODUCT = YES;
			};
			name = Release;
		};
		55CFA27B250D3D1100CD0DAF /* Debug */ = {
			isa = XCBuildConfiguration;
			buildSettings = {
				ASSETCATALOG_COMPILER_APPICON_NAME = AppIcon;
				CODE_SIGN_STYLE = Automatic;
				INFOPLIST_FILE = calculatorWork4/Info.plist;
				LD_RUNPATH_SEARCH_PATHS = (
					"$(inherited)",
					"@executable_path/Frameworks",
				);
				PRODUCT_BUNDLE_IDENTIFIER = com.iceza.calculatorWork4;
				PRODUCT_NAME = "$(TARGET_NAME)";
				SWIFT_VERSION = 5.0;
				TARGETED_DEVICE_FAMILY = "1,2";
			};
			name = Debug;
		};
		55CFA27C250D3D1100CD0DAF /* Release */ = {
			isa = XCBuildConfiguration;
			buildSettings = {
				ASSETCATALOG_COMPILER_APPICON_NAME = AppIcon;
				CODE_SIGN_STYLE = Automatic;
				INFOPLIST_FILE = calculatorWork4/Info.plist;
				LD_RUNPATH_SEARCH_PATHS = (
					"$(inherited)",
					"@executable_path/Frameworks",
				);
				PRODUCT_BUNDLE_IDENTIFIER = com.iceza.calculatorWork4;
				PRODUCT_NAME = "$(TARGET_NAME)";
				SWIFT_VERSION = 5.0;
				TARGETED_DEVICE_FAMILY = "1,2";
			};
			name = Release;
		};
		55CFA27E250D3D1100CD0DAF /* Debug */ = {
			isa = XCBuildConfiguration;
			buildSettings = {
				ALWAYS_EMBED_SWIFT_STANDARD_LIBRARIES = YES;
				BUNDLE_LOADER = "$(TEST_HOST)";
				CODE_SIGN_STYLE = Automatic;
				INFOPLIST_FILE = calculatorWork4Tests/Info.plist;
				IPHONEOS_DEPLOYMENT_TARGET = 13.7;
				LD_RUNPATH_SEARCH_PATHS = (
					"$(inherited)",
					"@executable_path/Frameworks",
					"@loader_path/Frameworks",
				);
				PRODUCT_BUNDLE_IDENTIFIER = com.iceza.calculatorWork4Tests;
				PRODUCT_NAME = "$(TARGET_NAME)";
				SWIFT_VERSION = 5.0;
				TARGETED_DEVICE_FAMILY = "1,2";
				TEST_HOST = "$(BUILT_PRODUCTS_DIR)/calculatorWork4.app/calculatorWork4";
			};
			name = Debug;
		};
		55CFA27F250D3D1100CD0DAF /* Release */ = {
			isa = XCBuildConfiguration;
			buildSettings = {
				ALWAYS_EMBED_SWIFT_STANDARD_LIBRARIES = YES;
				BUNDLE_LOADER = "$(TEST_HOST)";
				CODE_SIGN_STYLE = Automatic;
				INFOPLIST_FILE = calculatorWork4Tests/Info.plist;
				IPHONEOS_DEPLOYMENT_TARGET = 13.7;
				LD_RUNPATH_SEARCH_PATHS = (
					"$(inherited)",
					"@executable_path/Frameworks",
					"@loader_path/Frameworks",
				);
				PRODUCT_BUNDLE_IDENTIFIER = com.iceza.calculatorWork4Tests;
				PRODUCT_NAME = "$(TARGET_NAME)";
				SWIFT_VERSION = 5.0;
				TARGETED_DEVICE_FAMILY = "1,2";
				TEST_HOST = "$(BUILT_PRODUCTS_DIR)/calculatorWork4.app/calculatorWork4";
			};
			name = Release;
		};
		55CFA281250D3D1100CD0DAF /* Debug */ = {
			isa = XCBuildConfiguration;
			buildSettings = {
				ALWAYS_EMBED_SWIFT_STANDARD_LIBRARIES = YES;
				CODE_SIGN_STYLE = Automatic;
				INFOPLIST_FILE = calculatorWork4UITests/Info.plist;
				LD_RUNPATH_SEARCH_PATHS = (
					"$(inherited)",
					"@executable_path/Frameworks",
					"@loader_path/Frameworks",
				);
				PRODUCT_BUNDLE_IDENTIFIER = com.iceza.calculatorWork4UITests;
				PRODUCT_NAME = "$(TARGET_NAME)";
				SWIFT_VERSION = 5.0;
				TARGETED_DEVICE_FAMILY = "1,2";
				TEST_TARGET_NAME = calculatorWork4;
			};
			name = Debug;
		};
		55CFA282250D3D1100CD0DAF /* Release */ = {
			isa = XCBuildConfiguration;
			buildSettings = {
				ALWAYS_EMBED_SWIFT_STANDARD_LIBRARIES = YES;
				CODE_SIGN_STYLE = Automatic;
				INFOPLIST_FILE = calculatorWork4UITests/Info.plist;
				LD_RUNPATH_SEARCH_PATHS = (
					"$(inherited)",
					"@executable_path/Frameworks",
					"@loader_path/Frameworks",
				);
				PRODUCT_BUNDLE_IDENTIFIER = com.iceza.calculatorWork4UITests;
				PRODUCT_NAME = "$(TARGET_NAME)";
				SWIFT_VERSION = 5.0;
				TARGETED_DEVICE_FAMILY = "1,2";
				TEST_TARGET_NAME = calculatorWork4;
			};
			name = Release;
		};
/* End XCBuildConfiguration section */

/* Begin XCConfigurationList section */
		55CFA24B250D3D0E00CD0DAF /* Build configuration list for PBXProject "calculatorWork4" */ = {
			isa = XCConfigurationList;
			buildConfigurations = (
				55CFA278250D3D1100CD0DAF /* Debug */,
				55CFA279250D3D1100CD0DAF /* Release */,
			);
			defaultConfigurationIsVisible = 0;
			defaultConfigurationName = Release;
		};
		55CFA27A250D3D1100CD0DAF /* Build configuration list for PBXNativeTarget "calculatorWork4" */ = {
			isa = XCConfigurationList;
			buildConfigurations = (
				55CFA27B250D3D1100CD0DAF /* Debug */,
				55CFA27C250D3D1100CD0DAF /* Release */,
			);
			defaultConfigurationIsVisible = 0;
			defaultConfigurationName = Release;
		};
		55CFA27D250D3D1100CD0DAF /* Build configuration list for PBXNativeTarget "calculatorWork4Tests" */ = {
			isa = XCConfigurationList;
			buildConfigurations = (
				55CFA27E250D3D1100CD0DAF /* Debug */,
				55CFA27F250D3D1100CD0DAF /* Release */,
			);
			defaultConfigurationIsVisible = 0;
			defaultConfigurationName = Release;
		};
		55CFA280250D3D1100CD0DAF /* Build configuration list for PBXNativeTarget "calculatorWork4UITests" */ = {
			isa = XCConfigurationList;
			buildConfigurations = (
				55CFA281250D3D1100CD0DAF /* Debug */,
				55CFA282250D3D1100CD0DAF /* Release */,
			);
			defaultConfigurationIsVisible = 0;
			defaultConfigurationName = Release;
		};
/* End XCConfigurationList section */
	};
	rootObject = 55CFA248250D3D0E00CD0DAF /* Project object */;
}
